// !$*UTF8*$!
{
	archiveVersion = 1;
	classes = {
	};
	objectVersion = 56;
	objects = {

/* Begin PBXBuildFile section */
		4BA36C81299CC21700DBFF26 /* AppDelegate.m in Sources */ = {isa = PBXBuildFile; fileRef = 4BA36C80299CC21700DBFF26 /* AppDelegate.m */; };
		4BA36C84299CC21700DBFF26 /* SceneDelegate.m in Sources */ = {isa = PBXBuildFile; fileRef = 4BA36C83299CC21700DBFF26 /* SceneDelegate.m */; };
		4BA36C87299CC21700DBFF26 /* ViewController.m in Sources */ = {isa = PBXBuildFile; fileRef = 4BA36C86299CC21700DBFF26 /* ViewController.m */; };
		4BA36C8A299CC21700DBFF26 /* Main.storyboard in Resources */ = {isa = PBXBuildFile; fileRef = 4BA36C88299CC21700DBFF26 /* Main.storyboard */; };
		4BA36C8C299CC21800DBFF26 /* Assets.xcassets in Resources */ = {isa = PBXBuildFile; fileRef = 4BA36C8B299CC21800DBFF26 /* Assets.xcassets */; };
		4BA36C8F299CC21800DBFF26 /* LaunchScreen.storyboard in Resources */ = {isa = PBXBuildFile; fileRef = 4BA36C8D299CC21800DBFF26 /* LaunchScreen.storyboard */; };
		4BA36C92299CC21800DBFF26 /* main.m in Sources */ = {isa = PBXBuildFile; fileRef = 4BA36C91299CC21800DBFF26 /* main.m */; };
		4BA36C99299CC61400DBFF26 /* OCClass.m in Sources */ = {isa = PBXBuildFile; fileRef = 4BA36C98299CC61400DBFF26 /* OCClass.m */; };
/* End PBXBuildFile section */

/* Begin PBXFileReference section */
		4BA36C7C299CC21700DBFF26 /* LinkSwiftAndObjectiveC.app */ = {isa = PBXFileReference; explicitFileType = wrapper.application; includeInIndex = 0; path = LinkSwiftAndObjectiveC.app; sourceTree = BUILT_PRODUCTS_DIR; };
		4BA36C7F299CC21700DBFF26 /* AppDelegate.h */ = {isa = PBXFileReference; lastKnownFileType = sourcecode.c.h; path = AppDelegate.h; sourceTree = "<group>"; };
		4BA36C80299CC21700DBFF26 /* AppDelegate.m */ = {isa = PBXFileReference; lastKnownFileType = sourcecode.c.objc; path = AppDelegate.m; sourceTree = "<group>"; };
		4BA36C82299CC21700DBFF26 /* SceneDelegate.h */ = {isa = PBXFileReference; lastKnownFileType = sourcecode.c.h; path = SceneDelegate.h; sourceTree = "<group>"; };
		4BA36C83299CC21700DBFF26 /* SceneDelegate.m */ = {isa = PBXFileReference; lastKnownFileType = sourcecode.c.objc; path = SceneDelegate.m; sourceTree = "<group>"; };
		4BA36C85299CC21700DBFF26 /* ViewController.h */ = {isa = PBXFileReference; lastKnownFileType = sourcecode.c.h; path = ViewController.h; sourceTree = "<group>"; };
		4BA36C86299CC21700DBFF26 /* ViewController.m */ = {isa = PBXFileReference; lastKnownFileType = sourcecode.c.objc; path = ViewController.m; sourceTree = "<group>"; };
		4BA36C89299CC21700DBFF26 /* Base */ = {isa = PBXFileReference; lastKnownFileType = file.storyboard; name = Base; path = Base.lproj/Main.storyboard; sourceTree = "<group>"; };
		4BA36C8B299CC21800DBFF26 /* Assets.xcassets */ = {isa = PBXFileReference; lastKnownFileType = folder.assetcatalog; path = Assets.xcassets; sourceTree = "<group>"; };
		4BA36C8E299CC21800DBFF26 /* Base */ = {isa = PBXFileReference; lastKnownFileType = file.storyboard; name = Base; path = Base.lproj/LaunchScreen.storyboard; sourceTree = "<group>"; };
		4BA36C90299CC21800DBFF26 /* Info.plist */ = {isa = PBXFileReference; lastKnownFileType = text.plist.xml; path = Info.plist; sourceTree = "<group>"; };
		4BA36C91299CC21800DBFF26 /* main.m */ = {isa = PBXFileReference; lastKnownFileType = sourcecode.c.objc; path = main.m; sourceTree = "<group>"; };
		4BA36C98299CC61400DBFF26 /* OCClass.m */ = {isa = PBXFileReference; lastKnownFileType = sourcecode.c.objc; path = OCClass.m; sourceTree = "<group>"; };
		4BA36C9A299CC61D00DBFF26 /* OCClass.h */ = {isa = PBXFileReference; lastKnownFileType = sourcecode.c.h; path = OCClass.h; sourceTree = "<group>"; };
/* End PBXFileReference section */

/* Begin PBXFrameworksBuildPhase section */
		4BA36C79299CC21700DBFF26 /* Frameworks */ = {
			isa = PBXFrameworksBuildPhase;
			buildActionMask = 2147483647;
			files = (
			);
			runOnlyForDeploymentPostprocessing = 0;
		};
/* End PBXFrameworksBuildPhase section */

/* Begin PBXGroup section */
		4BA36C73299CC21700DBFF26 = {
			isa = PBXGroup;
			children = (
				4BA36C7E299CC21700DBFF26 /* LinkSwiftAndObjectiveC */,
				4BA36C7D299CC21700DBFF26 /* Products */,
			);
			sourceTree = "<group>";
		};
		4BA36C7D299CC21700DBFF26 /* Products */ = {
			isa = PBXGroup;
			children = (
				4BA36C7C299CC21700DBFF26 /* LinkSwiftAndObjectiveC.app */,
			);
			name = Products;
			sourceTree = "<group>";
		};
		4BA36C7E299CC21700DBFF26 /* LinkSwiftAndObjectiveC */ = {
			isa = PBXGroup;
			children = (
				4BA36C7F299CC21700DBFF26 /* AppDelegate.h */,
				4BA36C80299CC21700DBFF26 /* AppDelegate.m */,
				4BA36C82299CC21700DBFF26 /* SceneDelegate.h */,
				4BA36C83299CC21700DBFF26 /* SceneDelegate.m */,
				4BA36C85299CC21700DBFF26 /* ViewController.h */,
				4BA36C86299CC21700DBFF26 /* ViewController.m */,
				4BA36C88299CC21700DBFF26 /* Main.storyboard */,
				4BA36C8B299CC21800DBFF26 /* Assets.xcassets */,
				4BA36C8D299CC21800DBFF26 /* LaunchScreen.storyboard */,
				4BA36C90299CC21800DBFF26 /* Info.plist */,
				4BA36C91299CC21800DBFF26 /* main.m */,
				4BA36C9A299CC61D00DBFF26 /* OCClass.h */,
				4BA36C98299CC61400DBFF26 /* OCClass.m */,
			);
			path = LinkSwiftAndObjectiveC;
			sourceTree = "<group>";
		};
/* End PBXGroup section */

/* Begin PBXNativeTarget section */
		4BA36C7B299CC21700DBFF26 /* LinkSwiftAndObjectiveC */ = {
			isa = PBXNativeTarget;
			buildConfigurationList = 4BA36C95299CC21800DBFF26 /* Build configuration list for PBXNativeTarget "LinkSwiftAndObjectiveC" */;
			buildPhases = (
				4BA36C78299CC21700DBFF26 /* Sources */,
				4BA36C79299CC21700DBFF26 /* Frameworks */,
				4BA36C7A299CC21700DBFF26 /* Resources */,
			);
			buildRules = (
			);
			dependencies = (
			);
			name = LinkSwiftAndObjectiveC;
			productName = LinkSwiftAndObjectiveC;
			productReference = 4BA36C7C299CC21700DBFF26 /* LinkSwiftAndObjectiveC.app */;
			productType = "com.apple.product-type.application";
		};
/* End PBXNativeTarget section */

/* Begin PBXProject section */
		4BA36C74299CC21700DBFF26 /* Project object */ = {
			isa = PBXProject;
			attributes = {
				BuildIndependentTargetsInParallel = 1;
				LastUpgradeCheck = 1410;
				TargetAttributes = {
					4BA36C7B299CC21700DBFF26 = {
						CreatedOnToolsVersion = 14.1;
					};
				};
			};
			buildConfigurationList = 4BA36C77299CC21700DBFF26 /* Build configuration list for PBXProject "LinkSwiftAndObjectiveC" */;
			compatibilityVersion = "Xcode 14.0";
			developmentRegion = en;
			hasScannedForEncodings = 0;
			knownRegions = (
				en,
				Base,
			);
			mainGroup = 4BA36C73299CC21700DBFF26;
			productRefGroup = 4BA36C7D299CC21700DBFF26 /* Products */;
			projectDirPath = "";
			projectRoot = "";
			targets = (
				4BA36C7B299CC21700DBFF26 /* LinkSwiftAndObjectiveC */,
			);
		};
/* End PBXProject section */

/* Begin PBXResourcesBuildPhase section */
		4BA36C7A299CC21700DBFF26 /* Resources */ = {
			isa = PBXResourcesBuildPhase;
			buildActionMask = 2147483647;
			files = (
				4BA36C8F299CC21800DBFF26 /* LaunchScreen.storyboard in Resources */,
				4BA36C8C299CC21800DBFF26 /* Assets.xcassets in Resources */,
				4BA36C8A299CC21700DBFF26 /* Main.storyboard in Resources */,
			);
			runOnlyForDeploymentPostprocessing = 0;
		};
/* End PBXResourcesBuildPhase section */

/* Begin PBXSourcesBuildPhase section */
		4BA36C78299CC21700DBFF26 /* Sources */ = {
			isa = PBXSourcesBuildPhase;
			buildActionMask = 2147483647;
			files = (
				4BA36C87299CC21700DBFF26 /* ViewController.m in Sources */,
				4BA36C81299CC21700DBFF26 /* AppDelegate.m in Sources */,
				4BA36C99299CC61400DBFF26 /* OCClass.m in Sources */,
				4BA36C92299CC21800DBFF26 /* main.m in Sources */,
				4BA36C84299CC21700DBFF26 /* SceneDelegate.m in Sources */,
			);
			runOnlyForDeploymentPostprocessing = 0;
		};
/* End PBXSourcesBuildPhase section */

/* Begin PBXVariantGroup section */
		4BA36C88299CC21700DBFF26 /* Main.storyboard */ = {
			isa = PBXVariantGroup;
			children = (
				4BA36C89299CC21700DBFF26 /* Base */,
			);
			name = Main.storyboard;
			sourceTree = "<group>";
		};
		4BA36C8D299CC21800DBFF26 /* LaunchScreen.storyboard */ = {
			isa = PBXVariantGroup;
			children = (
				4BA36C8E299CC21800DBFF26 /* Base */,
			);
			name = LaunchScreen.storyboard;
			sourceTree = "<group>";
		};
/* End PBXVariantGroup section */

/* Begin XCBuildConfiguration section */
		4BA36C93299CC21800DBFF26 /* Debug */ = {
			isa = XCBuildConfiguration;
			buildSettings = {
				ALWAYS_SEARCH_USER_PATHS = NO;
				CLANG_ANALYZER_NONNULL = YES;
				CLANG_ANALYZER_NUMBER_OBJECT_CONVERSION = YES_AGGRESSIVE;
				CLANG_CXX_LANGUAGE_STANDARD = "gnu++20";
				CLANG_ENABLE_MODULES = YES;
				CLANG_ENABLE_OBJC_ARC = YES;
				CLANG_ENABLE_OBJC_WEAK = YES;
				CLANG_WARN_BLOCK_CAPTURE_AUTORELEASING = YES;
				CLANG_WARN_BOOL_CONVERSION = YES;
				CLANG_WARN_COMMA = YES;
				CLANG_WARN_CONSTANT_CONVERSION = YES;
				CLANG_WARN_DEPRECATED_OBJC_IMPLEMENTATIONS = YES;
				CLANG_WARN_DIRECT_OBJC_ISA_USAGE = YES_ERROR;
				CLANG_WARN_DOCUMENTATION_COMMENTS = YES;
				CLANG_WARN_EMPTY_BODY = YES;
				CLANG_WARN_ENUM_CONVERSION = YES;
				CLANG_WARN_INFINITE_RECURSION = YES;
				CLANG_WARN_INT_CONVERSION = YES;
				CLANG_WARN_NON_LITERAL_NULL_CONVERSION = YES;
				CLANG_WARN_OBJC_IMPLICIT_RETAIN_SELF = YES;
				CLANG_WARN_OBJC_LITERAL_CONVERSION = YES;
				CLANG_WARN_OBJC_ROOT_CLASS = YES_ERROR;
				CLANG_WARN_QUOTED_INCLUDE_IN_FRAMEWORK_HEADER = YES;
				CLANG_WARN_RANGE_LOOP_ANALYSIS = YES;
				CLANG_WARN_STRICT_PROTOTYPES = YES;
				CLANG_WARN_SUSPICIOUS_MOVE = YES;
				CLANG_WARN_UNGUARDED_AVAILABILITY = YES_AGGRESSIVE;
				CLANG_WARN_UNREACHABLE_CODE = YES;
				CLANG_WARN__DUPLICATE_METHOD_MATCH = YES;
				COPY_PHASE_STRIP = NO;
				DEBUG_INFORMATION_FORMAT = dwarf;
				ENABLE_STRICT_OBJC_MSGSEND = YES;
				ENABLE_TESTABILITY = YES;
				GCC_C_LANGUAGE_STANDARD = gnu11;
				GCC_DYNAMIC_NO_PIC = NO;
				GCC_NO_COMMON_BLOCKS = YES;
				GCC_OPTIMIZATION_LEVEL = 0;
				GCC_PREPROCESSOR_DEFINITIONS = (
					"DEBUG=1",
					"$(inherited)",
				);
				GCC_WARN_64_TO_32_BIT_CONVERSION = YES;
				GCC_WARN_ABOUT_RETURN_TYPE = YES_ERROR;
				GCC_WARN_UNDECLARED_SELECTOR = YES;
				GCC_WARN_UNINITIALIZED_AUTOS = YES_AGGRESSIVE;
				GCC_WARN_UNUSED_FUNCTION = YES;
				GCC_WARN_UNUSED_VARIABLE = YES;
				IPHONEOS_DEPLOYMENT_TARGET = 16.1;
				MTL_ENABLE_DEBUG_INFO = INCLUDE_SOURCE;
				MTL_FAST_MATH = YES;
				ONLY_ACTIVE_ARCH = YES;
				SDKROOT = iphoneos;
			};
			name = Debug;
		};
		4BA36C94299CC21800DBFF26 /* Release */ = {
			isa = XCBuildConfiguration;
			buildSettings = {
				ALWAYS_SEARCH_USER_PATHS = NO;
				CLANG_ANALYZER_NONNULL = YES;
				CLANG_ANALYZER_NUMBER_OBJECT_CONVERSION = YES_AGGRESSIVE;
				CLANG_CXX_LANGUAGE_STANDARD = "gnu++20";
				CLANG_ENABLE_MODULES = YES;
				CLANG_ENABLE_OBJC_ARC = YES;
				CLANG_ENABLE_OBJC_WEAK = YES;
				CLANG_WARN_BLOCK_CAPTURE_AUTORELEASING = YES;
				CLANG_WARN_BOOL_CONVERSION = YES;
				CLANG_WARN_COMMA = YES;
				CLANG_WARN_CONSTANT_CONVERSION = YES;
				CLANG_WARN_DEPRECATED_OBJC_IMPLEMENTATIONS = YES;
				CLANG_WARN_DIRECT_OBJC_ISA_USAGE = YES_ERROR;
				CLANG_WARN_DOCUMENTATION_COMMENTS = YES;
				CLANG_WARN_EMPTY_BODY = YES;
				CLANG_WARN_ENUM_CONVERSION = YES;
				CLANG_WARN_INFINITE_RECURSION = YES;
				CLANG_WARN_INT_CONVERSION = YES;
				CLANG_WARN_NON_LITERAL_NULL_CONVERSION = YES;
				CLANG_WARN_OBJC_IMPLICIT_RETAIN_SELF = YES;
				CLANG_WARN_OBJC_LITERAL_CONVERSION = YES;
				CLANG_WARN_OBJC_ROOT_CLASS = YES_ERROR;
				CLANG_WARN_QUOTED_INCLUDE_IN_FRAMEWORK_HEADER = YES;
				CLANG_WARN_RANGE_LOOP_ANALYSIS = YES;
				CLANG_WARN_STRICT_PROTOTYPES = YES;
				CLANG_WARN_SUSPICIOUS_MOVE = YES;
				CLANG_WARN_UNGUARDED_AVAILABILITY = YES_AGGRESSIVE;
				CLANG_WARN_UNREACHABLE_CODE = YES;
				CLANG_WARN__DUPLICATE_METHOD_MATCH = YES;
				COPY_PHASE_STRIP = NO;
				DEBUG_INFORMATION_FORMAT = "dwarf-with-dsym";
				ENABLE_NS_ASSERTIONS = NO;
				ENABLE_STRICT_OBJC_MSGSEND = YES;
				GCC_C_LANGUAGE_STANDARD = gnu11;
				GCC_NO_COMMON_BLOCKS = YES;
				GCC_WARN_64_TO_32_BIT_CONVERSION = YES;
				GCC_WARN_ABOUT_RETURN_TYPE = YES_ERROR;
				GCC_WARN_UNDECLARED_SELECTOR = YES;
				GCC_WARN_UNINITIALIZED_AUTOS = YES_AGGRESSIVE;
				GCC_WARN_UNUSED_FUNCTION = YES;
				GCC_WARN_UNUSED_VARIABLE = YES;
				IPHONEOS_DEPLOYMENT_TARGET = 16.1;
				MTL_ENABLE_DEBUG_INFO = NO;
				MTL_FAST_MATH = YES;
				SDKROOT = iphoneos;
				VALIDATE_PRODUCT = YES;
			};
			name = Release;
		};
		4BA36C96299CC21800DBFF26 /* Debug */ = {
			isa = XCBuildConfiguration;
			buildSettings = {
				ASSETCATALOG_COMPILER_APPICON_NAME = AppIcon;
				ASSETCATALOG_COMPILER_GLOBAL_ACCENT_COLOR_NAME = AccentColor;
				CODE_SIGN_STYLE = Automatic;
				CURRENT_PROJECT_VERSION = 1;
				DEVELOPMENT_TEAM = P9TVSH3F53;
				GENERATE_INFOPLIST_FILE = YES;
				INFOPLIST_FILE = LinkSwiftAndObjectiveC/Info.plist;
				INFOPLIST_KEY_UIApplicationSupportsIndirectInputEvents = YES;
				INFOPLIST_KEY_UILaunchStoryboardName = LaunchScreen;
				INFOPLIST_KEY_UIMainStoryboardFile = Main;
				INFOPLIST_KEY_UISupportedInterfaceOrientations_iPad = "UIInterfaceOrientationPortrait UIInterfaceOrientationPortraitUpsideDown UIInterfaceOrientationLandscapeLeft UIInterfaceOrientationLandscapeRight";
				INFOPLIST_KEY_UISupportedInterfaceOrientations_iPhone = "UIInterfaceOrientationPortrait UIInterfaceOrientationLandscapeLeft UIInterfaceOrientationLandscapeRight";
				LD_RUNPATH_SEARCH_PATHS = (
					"$(inherited)",
					"@executable_path/Frameworks",
				);
				MARKETING_VERSION = 1.0;
				PRODUCT_BUNDLE_IDENTIFIER = com.yuchen.LinkSwiftAndObjectiveC;
				PRODUCT_NAME = "$(TARGET_NAME)";
				SWIFT_EMIT_LOC_STRINGS = YES;
				TARGETED_DEVICE_FAMILY = "1,2";
			};
			name = Debug;
		};
		4BA36C97299CC21800DBFF26 /* Release */ = {
			isa = XCBuildConfiguration;
			buildSettings = {
				ASSETCATALOG_COMPILER_APPICON_NAME = AppIcon;
				ASSETCATALOG_COMPILER_GLOBAL_ACCENT_COLOR_NAME = AccentColor;
				CODE_SIGN_STYLE = Automatic;
				CURRENT_PROJECT_VERSION = 1;
				DEVELOPMENT_TEAM = P9TVSH3F53;
				GENERATE_INFOPLIST_FILE = YES;
				INFOPLIST_FILE = LinkSwiftAndObjectiveC/Info.plist;
				INFOPLIST_KEY_UIApplicationSupportsIndirectInputEvents = YES;
				INFOPLIST_KEY_UILaunchStoryboardName = LaunchScreen;
				INFOPLIST_KEY_UIMainStoryboardFile = Main;
				INFOPLIST_KEY_UISupportedInterfaceOrientations_iPad = "UIInterfaceOrientationPortrait UIInterfaceOrientationPortraitUpsideDown UIInterfaceOrientationLandscapeLeft UIInterfaceOrientationLandscapeRight";
				INFOPLIST_KEY_UISupportedInterfaceOrientations_iPhone = "UIInterfaceOrientationPortrait UIInterfaceOrientationLandscapeLeft UIInterfaceOrientationLandscapeRight";
				LD_RUNPATH_SEARCH_PATHS = (
					"$(inherited)",
					"@executable_path/Frameworks",
				);
				MARKETING_VERSION = 1.0;
				PRODUCT_BUNDLE_IDENTIFIER = com.yuchen.LinkSwiftAndObjectiveC;
				PRODUCT_NAME = "$(TARGET_NAME)";
				SWIFT_EMIT_LOC_STRINGS = YES;
				TARGETED_DEVICE_FAMILY = "1,2";
			};
			name = Release;
		};
/* End XCBuildConfiguration section */

/* Begin XCConfigurationList section */
		4BA36C77299CC21700DBFF26 /* Build configuration list for PBXProject "LinkSwiftAndObjectiveC" */ = {
			isa = XCConfigurationList;
			buildConfigurations = (
				4BA36C93299CC21800DBFF26 /* Debug */,
				4BA36C94299CC21800DBFF26 /* Release */,
			);
			defaultConfigurationIsVisible = 0;
			defaultConfigurationName = Release;
		};
		4BA36C95299CC21800DBFF26 /* Build configuration list for PBXNativeTarget "LinkSwiftAndObjectiveC" */ = {
			isa = XCConfigurationList;
			buildConfigurations = (
				4BA36C96299CC21800DBFF26 /* Debug */,
				4BA36C97299CC21800DBFF26 /* Release */,
			);
			defaultConfigurationIsVisible = 0;
			defaultConfigurationName = Release;
		};
/* End XCConfigurationList section */
	};
	rootObject = 4BA36C74299CC21700DBFF26 /* Project object */;
}
